// !$*UTF8*$!
{
	archiveVersion = 1;
	classes = {
	};
	objectVersion = 55;
	objects = {

/* Begin PBXBuildFile section */
		890855BD27C35A450001CEC8 /* Start.swift in Sources */ = {isa = PBXBuildFile; fileRef = 890855BC27C35A450001CEC8 /* Start.swift */; };
		89C627AA27C2978B00EB1590 /* KSAApp.swift in Sources */ = {isa = PBXBuildFile; fileRef = 89C627A927C2978B00EB1590 /* KSAApp.swift */; };
		89C627AC27C2978B00EB1590 /* ContentView.swift in Sources */ = {isa = PBXBuildFile; fileRef = 89C627AB27C2978B00EB1590 /* ContentView.swift */; };
		89C627AE27C2978C00EB1590 /* Assets.xcassets in Resources */ = {isa = PBXBuildFile; fileRef = 89C627AD27C2978C00EB1590 /* Assets.xcassets */; };
		89C627B127C2978C00EB1590 /* Preview Assets.xcassets in Resources */ = {isa = PBXBuildFile; fileRef = 89C627B027C2978C00EB1590 /* Preview Assets.xcassets */; };
		89C627B827C29BC300EB1590 /* Splash.swift in Sources */ = {isa = PBXBuildFile; fileRef = 89C627B727C29BC300EB1590 /* Splash.swift */; };
		89C627BC27C2C3E500EB1590 /* Video.swift in Sources */ = {isa = PBXBuildFile; fileRef = 89C627BB27C2C3E500EB1590 /* Video.swift */; };
		89C627C027C2D18600EB1590 /* Enter.swift in Sources */ = {isa = PBXBuildFile; fileRef = 89C627BF27C2D18600EB1590 /* Enter.swift */; };
		89FCBA7C27F9120F00A48533 /* Handwritting_.gif in Resources */ = {isa = PBXBuildFile; fileRef = 89FCBA7B27F9120F00A48533 /* Handwritting_.gif */; };
/* End PBXBuildFile section */

/* Begin PBXFileReference section */
		890855BC27C35A450001CEC8 /* Start.swift */ = {isa = PBXFileReference; lastKnownFileType = sourcecode.swift; path = Start.swift; sourceTree = "<group>"; };
		89C627A627C2978B00EB1590 /* KSA.app */ = {isa = PBXFileReference; explicitFileType = wrapper.application; includeInIndex = 0; path = KSA.app; sourceTree = BUILT_PRODUCTS_DIR; };
		89C627A927C2978B00EB1590 /* KSAApp.swift */ = {isa = PBXFileReference; lastKnownFileType = sourcecode.swift; path = KSAApp.swift; sourceTree = "<group>"; };
		89C627AB27C2978B00EB1590 /* ContentView.swift */ = {isa = PBXFileReference; lastKnownFileType = sourcecode.swift; path = ContentView.swift; sourceTree = "<group>"; };
		89C627AD27C2978C00EB1590 /* Assets.xcassets */ = {isa = PBXFileReference; lastKnownFileType = folder.assetcatalog; path = Assets.xcassets; sourceTree = "<group>"; };
		89C627B027C2978C00EB1590 /* Preview Assets.xcassets */ = {isa = PBXFileReference; lastKnownFileType = folder.assetcatalog; path = "Preview Assets.xcassets"; sourceTree = "<group>"; };
		89C627B727C29BC300EB1590 /* Splash.swift */ = {isa = PBXFileReference; lastKnownFileType = sourcecode.swift; path = Splash.swift; sourceTree = "<group>"; };
		89C627BB27C2C3E500EB1590 /* Video.swift */ = {isa = PBXFileReference; lastKnownFileType = sourcecode.swift; path = Video.swift; sourceTree = "<group>"; };
		89C627BF27C2D18600EB1590 /* Enter.swift */ = {isa = PBXFileReference; lastKnownFileType = sourcecode.swift; path = Enter.swift; sourceTree = "<group>"; };
		89FCBA7B27F9120F00A48533 /* Handwritting_.gif */ = {isa = PBXFileReference; lastKnownFileType = image.gif; name = Handwritting_.gif; path = ../../../../Downloads/KSA/KSA/Assets.xcassets/Handwritting.dataset/Handwritting_.gif; sourceTree = "<group>"; };
/* End PBXFileReference section */

/* Begin PBXFrameworksBuildPhase section */
		89C627A327C2978B00EB1590 /* Frameworks */ = {
			isa = PBXFrameworksBuildPhase;
			buildActionMask = 2147483647;
			files = (
			);
			runOnlyForDeploymentPostprocessing = 0;
		};
/* End PBXFrameworksBuildPhase section */

/* Begin PBXGroup section */
		89C6279D27C2978B00EB1590 = {
			isa = PBXGroup;
			children = (
				89C627A827C2978B00EB1590 /* KSA */,
				89C627A727C2978B00EB1590 /* Products */,
			);
			sourceTree = "<group>";
		};
		89C627A727C2978B00EB1590 /* Products */ = {
			isa = PBXGroup;
			children = (
				89C627A627C2978B00EB1590 /* KSA.app */,
			);
			name = Products;
			sourceTree = "<group>";
		};
		89C627A827C2978B00EB1590 /* KSA */ = {
			isa = PBXGroup;
			children = (
				89C627A927C2978B00EB1590 /* KSAApp.swift */,
				89C627AB27C2978B00EB1590 /* ContentView.swift */,
				89C627B727C29BC300EB1590 /* Splash.swift */,
				89C627BB27C2C3E500EB1590 /* Video.swift */,
				89C627BF27C2D18600EB1590 /* Enter.swift */,
				890855BC27C35A450001CEC8 /* Start.swift */,
				89FCBA7B27F9120F00A48533 /* Handwritting_.gif */,
				89C627AD27C2978C00EB1590 /* Assets.xcassets */,
				89C627AF27C2978C00EB1590 /* Preview Content */,
			);
			path = KSA;
			sourceTree = "<group>";
		};
		89C627AF27C2978C00EB1590 /* Preview Content */ = {
			isa = PBXGroup;
			children = (
				89C627B027C2978C00EB1590 /* Preview Assets.xcassets */,
			);
			path = "Preview Content";
			sourceTree = "<group>";
		};
/* End PBXGroup section */

/* Begin PBXNativeTarget section */
		89C627A527C2978B00EB1590 /* KSA */ = {
			isa = PBXNativeTarget;
			buildConfigurationList = 89C627B427C2978C00EB1590 /* Build configuration list for PBXNativeTarget "KSA" */;
			buildPhases = (
				89C627A227C2978B00EB1590 /* Sources */,
				89C627A327C2978B00EB1590 /* Frameworks */,
				89C627A427C2978B00EB1590 /* Resources */,
			);
			buildRules = (
			);
			dependencies = (
			);
			name = KSA;
			productName = KSA;
			productReference = 89C627A627C2978B00EB1590 /* KSA.app */;
			productType = "com.apple.product-type.application";
		};
/* End PBXNativeTarget section */

/* Begin PBXProject section */
		89C6279E27C2978B00EB1590 /* Project object */ = {
			isa = PBXProject;
			attributes = {
				BuildIndependentTargetsInParallel = 1;
				LastSwiftUpdateCheck = 1320;
				LastUpgradeCheck = 1320;
				TargetAttributes = {
					89C627A527C2978B00EB1590 = {
						CreatedOnToolsVersion = 13.2.1;
					};
				};
			};
			buildConfigurationList = 89C627A127C2978B00EB1590 /* Build configuration list for PBXProject "KSA" */;
			compatibilityVersion = "Xcode 13.0";
			developmentRegion = en;
			hasScannedForEncodings = 0;
			knownRegions = (
				en,
				Base,
			);
			mainGroup = 89C6279D27C2978B00EB1590;
			productRefGroup = 89C627A727C2978B00EB1590 /* Products */;
			projectDirPath = "";
			projectRoot = "";
			targets = (
				89C627A527C2978B00EB1590 /* KSA */,
			);
		};
/* End PBXProject section */

/* Begin PBXResourcesBuildPhase section */
		89C627A427C2978B00EB1590 /* Resources */ = {
			isa = PBXResourcesBuildPhase;
			buildActionMask = 2147483647;
			files = (
				89C627B127C2978C00EB1590 /* Preview Assets.xcassets in Resources */,
				89C627AE27C2978C00EB1590 /* Assets.xcassets in Resources */,
				89FCBA7C27F9120F00A48533 /* Handwritting_.gif in Resources */,
			);
			runOnlyForDeploymentPostprocessing = 0;
		};
/* End PBXResourcesBuildPhase section */

/* Begin PBXSourcesBuildPhase section */
		89C627A227C2978B00EB1590 /* Sources */ = {
			isa = PBXSourcesBuildPhase;
			buildActionMask = 2147483647;
			files = (
				89C627AC27C2978B00EB1590 /* ContentView.swift in Sources */,
				890855BD27C35A450001CEC8 /* Start.swift in Sources */,
				89C627BC27C2C3E500EB1590 /* Video.swift in Sources */,
				89C627B827C29BC300EB1590 /* Splash.swift in Sources */,
				89C627C027C2D18600EB1590 /* Enter.swift in Sources */,
				89C627AA27C2978B00EB1590 /* KSAApp.swift in Sources */,
			);
			runOnlyForDeploymentPostprocessing = 0;
		};
/* End PBXSourcesBuildPhase section */

/* Begin XCBuildConfiguration section */
		89C627B227C2978C00EB1590 /* Debug */ = {
			isa = XCBuildConfiguration;
			buildSettings = {
				ALWAYS_SEARCH_USER_PATHS = NO;
				CLANG_ANALYZER_NONNULL = YES;
				CLANG_ANALYZER_NUMBER_OBJECT_CONVERSION = YES_AGGRESSIVE;
				CLANG_CXX_LANGUAGE_STANDARD = "gnu++17";
				CLANG_CXX_LIBRARY = "libc++";
				CLANG_ENABLE_MODULES = YES;
				CLANG_ENABLE_OBJC_ARC = YES;
				CLANG_ENABLE_OBJC_WEAK = YES;
				CLANG_WARN_BLOCK_CAPTURE_AUTORELEASING = YES;
				CLANG_WARN_BOOL_CONVERSION = YES;
				CLANG_WARN_COMMA = YES;
				CLANG_WARN_CONSTANT_CONVERSION = YES;
				CLANG_WARN_DEPRECATED_OBJC_IMPLEMENTATIONS = YES;
				CLANG_WARN_DIRECT_OBJC_ISA_USAGE = YES_ERROR;
				CLANG_WARN_DOCUMENTATION_COMMENTS = YES;
				CLANG_WARN_EMPTY_BODY = YES;
				CLANG_WARN_ENUM_CONVERSION = YES;
				CLANG_WARN_INFINITE_RECURSION = YES;
				CLANG_WARN_INT_CONVERSION = YES;
				CLANG_WARN_NON_LITERAL_NULL_CONVERSION = YES;
				CLANG_WARN_OBJC_IMPLICIT_RETAIN_SELF = YES;
				CLANG_WARN_OBJC_LITERAL_CONVERSION = YES;
				CLANG_WARN_OBJC_ROOT_CLASS = YES_ERROR;
				CLANG_WARN_QUOTED_INCLUDE_IN_FRAMEWORK_HEADER = YES;
				CLANG_WARN_RANGE_LOOP_ANALYSIS = YES;
				CLANG_WARN_STRICT_PROTOTYPES = YES;
				CLANG_WARN_SUSPICIOUS_MOVE = YES;
				CLANG_WARN_UNGUARDED_AVAILABILITY = YES_AGGRESSIVE;
				CLANG_WARN_UNREACHABLE_CODE = YES;
				CLANG_WARN__DUPLICATE_METHOD_MATCH = YES;
				COPY_PHASE_STRIP = NO;
				DEBUG_INFORMATION_FORMAT = dwarf;
				ENABLE_STRICT_OBJC_MSGSEND = YES;
				ENABLE_TESTABILITY = YES;
				GCC_C_LANGUAGE_STANDARD = gnu11;
				GCC_DYNAMIC_NO_PIC = NO;
				GCC_NO_COMMON_BLOCKS = YES;
				GCC_OPTIMIZATION_LEVEL = 0;
				GCC_PREPROCESSOR_DEFINITIONS = (
					"DEBUG=1",
					"$(inherited)",
				);
				GCC_WARN_64_TO_32_BIT_CONVERSION = YES;
				GCC_WARN_ABOUT_RETURN_TYPE = YES_ERROR;
				GCC_WARN_UNDECLARED_SELECTOR = YES;
				GCC_WARN_UNINITIALIZED_AUTOS = YES_AGGRESSIVE;
				GCC_WARN_UNUSED_FUNCTION = YES;
				GCC_WARN_UNUSED_VARIABLE = YES;
				IPHONEOS_DEPLOYMENT_TARGET = 15.2;
				MTL_ENABLE_DEBUG_INFO = INCLUDE_SOURCE;
				MTL_FAST_MATH = YES;
				ONLY_ACTIVE_ARCH = YES;
				SDKROOT = iphoneos;
				SWIFT_ACTIVE_COMPILATION_CONDITIONS = DEBUG;
				SWIFT_OPTIMIZATION_LEVEL = "-Onone";
			};
			name = Debug;
		};
		89C627B327C2978C00EB1590 /* Release */ = {
			isa = XCBuildConfiguration;
			buildSettings = {
				ALWAYS_SEARCH_USER_PATHS = NO;
				CLANG_ANALYZER_NONNULL = YES;
				CLANG_ANALYZER_NUMBER_OBJECT_CONVERSION = YES_AGGRESSIVE;
				CLANG_CXX_LANGUAGE_STANDARD = "gnu++17";
				CLANG_CXX_LIBRARY = "libc++";
				CLANG_ENABLE_MODULES = YES;
				CLANG_ENABLE_OBJC_ARC = YES;
				CLANG_ENABLE_OBJC_WEAK = YES;
				CLANG_WARN_BLOCK_CAPTURE_AUTORELEASING = YES;
				CLANG_WARN_BOOL_CONVERSION = YES;
				CLANG_WARN_COMMA = YES;
				CLANG_WARN_CONSTANT_CONVERSION = YES;
				CLANG_WARN_DEPRECATED_OBJC_IMPLEMENTATIONS = YES;
				CLANG_WARN_DIRECT_OBJC_ISA_USAGE = YES_ERROR;
				CLANG_WARN_DOCUMENTATION_COMMENTS = YES;
				CLANG_WARN_EMPTY_BODY = YES;
				CLANG_WARN_ENUM_CONVERSION = YES;
				CLANG_WARN_INFINITE_RECURSION = YES;
				CLANG_WARN_INT_CONVERSION = YES;
				CLANG_WARN_NON_LITERAL_NULL_CONVERSION = YES;
				CLANG_WARN_OBJC_IMPLICIT_RETAIN_SELF = YES;
				CLANG_WARN_OBJC_LITERAL_CONVERSION = YES;
				CLANG_WARN_OBJC_ROOT_CLASS = YES_ERROR;
				CLANG_WARN_QUOTED_INCLUDE_IN_FRAMEWORK_HEADER = YES;
				CLANG_WARN_RANGE_LOOP_ANALYSIS = YES;
				CLANG_WARN_STRICT_PROTOTYPES = YES;
				CLANG_WARN_SUSPICIOUS_MOVE = YES;
				CLANG_WARN_UNGUARDED_AVAILABILITY = YES_AGGRESSIVE;
				CLANG_WARN_UNREACHABLE_CODE = YES;
				CLANG_WARN__DUPLICATE_METHOD_MATCH = YES;
				COPY_PHASE_STRIP = NO;
				DEBUG_INFORMATION_FORMAT = "dwarf-with-dsym";
				ENABLE_NS_ASSERTIONS = NO;
				ENABLE_STRICT_OBJC_MSGSEND = YES;
				GCC_C_LANGUAGE_STANDARD = gnu11;
				GCC_NO_COMMON_BLOCKS = YES;
				GCC_WARN_64_TO_32_BIT_CONVERSION = YES;
				GCC_WARN_ABOUT_RETURN_TYPE = YES_ERROR;
				GCC_WARN_UNDECLARED_SELECTOR = YES;
				GCC_WARN_UNINITIALIZED_AUTOS = YES_AGGRESSIVE;
				GCC_WARN_UNUSED_FUNCTION = YES;
				GCC_WARN_UNUSED_VARIABLE = YES;
				IPHONEOS_DEPLOYMENT_TARGET = 15.2;
				MTL_ENABLE_DEBUG_INFO = NO;
				MTL_FAST_MATH = YES;
				SDKROOT = iphoneos;
				SWIFT_COMPILATION_MODE = wholemodule;
				SWIFT_OPTIMIZATION_LEVEL = "-O";
				VALIDATE_PRODUCT = YES;
			};
			name = Release;
		};
		89C627B527C2978C00EB1590 /* Debug */ = {
			isa = XCBuildConfiguration;
			buildSettings = {
				ASSETCATALOG_COMPILER_APPICON_NAME = AppIcon;
				ASSETCATALOG_COMPILER_GLOBAL_ACCENT_COLOR_NAME = AccentColor;
				CODE_SIGN_STYLE = Automatic;
				CURRENT_PROJECT_VERSION = 1;
				DEVELOPMENT_ASSET_PATHS = "\"KSA/Preview Content\"";
				DEVELOPMENT_TEAM = 5A5627S58V;
				ENABLE_PREVIEWS = YES;
				GENERATE_INFOPLIST_FILE = YES;
				INFOPLIST_KEY_UIApplicationSceneManifest_Generation = YES;
				INFOPLIST_KEY_UIApplicationSupportsIndirectInputEvents = YES;
				INFOPLIST_KEY_UILaunchScreen_Generation = YES;
				INFOPLIST_KEY_UISupportedInterfaceOrientations_iPad = "UIInterfaceOrientationPortrait UIInterfaceOrientationPortraitUpsideDown UIInterfaceOrientationLandscapeLeft UIInterfaceOrientationLandscapeRight";
				INFOPLIST_KEY_UISupportedInterfaceOrientations_iPhone = "UIInterfaceOrientationPortrait UIInterfaceOrientationLandscapeLeft UIInterfaceOrientationLandscapeRight";
				LD_RUNPATH_SEARCH_PATHS = (
					"$(inherited)",
					"@executable_path/Frameworks",
				);
				MARKETING_VERSION = 1.0;
				PRODUCT_BUNDLE_IDENTIFIER = sa.Huda.KSA;
				PRODUCT_NAME = "$(TARGET_NAME)";
				SWIFT_EMIT_LOC_STRINGS = YES;
				SWIFT_VERSION = 5.0;
				TARGETED_DEVICE_FAMILY = "1,2";
			};
			name = Debug;
		};
		89C627B627C2978C00EB1590 /* Release */ = {
			isa = XCBuildConfiguration;
			buildSettings = {
				ASSETCATALOG_COMPILER_APPICON_NAME = AppIcon;
				ASSETCATALOG_COMPILER_GLOBAL_ACCENT_COLOR_NAME = AccentColor;
				CODE_SIGN_STYLE = Automatic;
				CURRENT_PROJECT_VERSION = 1;
				DEVELOPMENT_ASSET_PATHS = "\"KSA/Preview Content\"";
				DEVELOPMENT_TEAM = 5A5627S58V;
				ENABLE_PREVIEWS = YES;
				GENERATE_INFOPLIST_FILE = YES;
				INFOPLIST_KEY_UIApplicationSceneManifest_Generation = YES;
				INFOPLIST_KEY_UIApplicationSupportsIndirectInputEvents = YES;
				INFOPLIST_KEY_UILaunchScreen_Generation = YES;
				INFOPLIST_KEY_UISupportedInterfaceOrientations_iPad = "UIInterfaceOrientationPortrait UIInterfaceOrientationPortraitUpsideDown UIInterfaceOrientationLandscapeLeft UIInterfaceOrientationLandscapeRight";
				INFOPLIST_KEY_UISupportedInterfaceOrientations_iPhone = "UIInterfaceOrientationPortrait UIInterfaceOrientationLandscapeLeft UIInterfaceOrientationLandscapeRight";
				LD_RUNPATH_SEARCH_PATHS = (
					"$(inherited)",
					"@executable_path/Frameworks",
				);
				MARKETING_VERSION = 1.0;
				PRODUCT_BUNDLE_IDENTIFIER = sa.Huda.KSA;
				PRODUCT_NAME = "$(TARGET_NAME)";
				SWIFT_EMIT_LOC_STRINGS = YES;
				SWIFT_VERSION = 5.0;
				TARGETED_DEVICE_FAMILY = "1,2";
			};
			name = Release;
		};
/* End XCBuildConfiguration section */

/* Begin XCConfigurationList section */
		89C627A127C2978B00EB1590 /* Build configuration list for PBXProject "KSA" */ = {
			isa = XCConfigurationList;
			buildConfigurations = (
				89C627B227C2978C00EB1590 /* Debug */,
				89C627B327C2978C00EB1590 /* Release */,
			);
			defaultConfigurationIsVisible = 0;
			defaultConfigurationName = Release;
		};
		89C627B427C2978C00EB1590 /* Build configuration list for PBXNativeTarget "KSA" */ = {
			isa = XCConfigurationList;
			buildConfigurations = (
				89C627B527C2978C00EB1590 /* Debug */,
				89C627B627C2978C00EB1590 /* Release */,
			);
			defaultConfigurationIsVisible = 0;
			defaultConfigurationName = Release;
		};
/* End XCConfigurationList section */
	};
	rootObject = 89C6279E27C2978B00EB1590 /* Project object */;
}
